
Microsoft Visual Studio Solution File, Format Version 12.00
# Visual Studio Version 17
VisualStudioVersion = 17.7.34031.279
MinimumVisualStudioVersion = 10.0.40219.1
Project("{F184B08F-C81C-45F6-A57F-5ABD9991F28F}") = "OOP", "OOP.vbproj", "{710BCB18-8C10-4147-A20B-8EEC18ACCD9F}"
EndProject
Global
	GlobalSection(SolutionConfigurationPlatforms) = preSolution
		Debug|Any CPU = Debug|Any CPU
		Release|Any CPU = Release|Any CPU
	EndGlobalSection
	GlobalSection(ProjectConfigurationPlatforms) = postSolution
		{710BCB18-8C10-4147-A20B-8EEC18ACCD9F}.Debug|Any CPU.ActiveCfg = Debug|Any CPU
		{710BCB18-8C10-4147-A20B-8EEC18ACCD9F}.Debug|Any CPU.Build.0 = Debug|Any CPU
		{710BCB18-8C10-4147-A20B-8EEC18ACCD9F}.Release|Any CPU.ActiveCfg = Release|Any CPU
		{710BCB18-8C10-4147-A20B-8EEC18ACCD9F}.Release|Any CPU.Build.0 = Release|Any CPU
	EndGlobalSection
	GlobalSection(SolutionProperties) = preSolution
		HideSolutionNode = FALSE
	EndGlobalSection
	GlobalSection(ExtensibilityGlobals) = postSolution
		SolutionGuid = {E0418E58-8AD4-4EB2-BD52-924EF92DA10D}
	EndGlobalSection
EndGlobal
