
Microsoft Visual Studio Solution File, Format Version 12.00
# Visual Studio Version 17
VisualStudioVersion = 17.7.34031.279
MinimumVisualStudioVersion = 10.0.40219.1
Project("{F184B08F-C81C-45F6-A57F-5ABD9991F28F}") = "OOPCS2A", "OOPCS2A.vbproj", "{E373E0D2-ADF0-46B6-BC69-709F681AB5EA}"
EndProject
Global
	GlobalSection(SolutionConfigurationPlatforms) = preSolution
		Debug|Any CPU = Debug|Any CPU
		Release|Any CPU = Release|Any CPU
	EndGlobalSection
	GlobalSection(ProjectConfigurationPlatforms) = postSolution
		{E373E0D2-ADF0-46B6-BC69-709F681AB5EA}.Debug|Any CPU.ActiveCfg = Debug|Any CPU
		{E373E0D2-ADF0-46B6-BC69-709F681AB5EA}.Debug|Any CPU.Build.0 = Debug|Any CPU
		{E373E0D2-ADF0-46B6-BC69-709F681AB5EA}.Release|Any CPU.ActiveCfg = Release|Any CPU
		{E373E0D2-ADF0-46B6-BC69-709F681AB5EA}.Release|Any CPU.Build.0 = Release|Any CPU
	EndGlobalSection
	GlobalSection(SolutionProperties) = preSolution
		HideSolutionNode = FALSE
	EndGlobalSection
	GlobalSection(ExtensibilityGlobals) = postSolution
		SolutionGuid = {271F3EEC-B286-4CF1-B1F3-E2CD411EACA8}
	EndGlobalSection
EndGlobal
